{
  "meteor": {},
  "dependencies": {
    "basePackages": {
      "iron-router": {},
      "collection2": {},
      "handlebar-helpers": {},
      "fast-render": {},
      "collection-hooks": {},
      "roles": {},
      "moment-with-langs": {},
      "robots-txt": {},
      "sitemaps": {},
      "bootstrap-3": {},
      "jquery-datatables": {}
    },
    "packages": {
      "iron-router": {
        "git": "https://github.com/EventedMind/iron-router.git",
        "tag": "v0.7.1",
        "commit": "d1ffb3f06ea4c112132b030f2eb1a70b81675ecb"
      },
      "collection2": {
        "git": "https://github.com/aldeed/meteor-collection2.git",
        "tag": "v0.3.11",
        "commit": "7e970671305657678e8508d8107d5e6c5e158559"
      },
      "handlebar-helpers": {
        "git": "https://github.com/raix/Meteor-handlebar-helpers.git",
        "tag": "v0.1.1",
        "commit": "0b407ab65e7c1ebd53d71aef0de2e2c1d21a597c"
      },
      "fast-render": {
        "git": "https://github.com/arunoda/meteor-fast-render.git",
        "tag": "v0.2.5",
        "commit": "93e2fb334e55fbe9b5ebb2a2e65964018658f43e"
      },
      "collection-hooks": {
        "git": "https://github.com/matb33/meteor-collection-hooks.git",
        "tag": "v0.6.7",
        "commit": "f1d2ac629864edda09df6c955fa5ff3df26f739c"
      },
      "roles": {
        "git": "https://github.com/alanning/meteor-roles.git",
        "tag": "v1.2.9",
        "commit": "969b17fac5dfec66b6b12bfce4e37471d1a241d4"
      },
      "moment-with-langs": {
        "git": "https://github.com/jeeeyul/meteor-moment-with-langs.git",
        "tag": "v2.6.0",
        "commit": "b09c5ef52871f0eafd8d908bb9c111031ec9f05d"
      },
      "robots-txt": {
        "git": "https://github.com/gadicohen/meteor-robots.txt.git",
        "tag": "v0.0.8",
        "commit": "dc1be195b8c0cf7d6263235484218911e1bf27d9"
      },
      "sitemaps": {
        "git": "https://github.com/gadicohen/meteor-sitemaps.git",
        "tag": "v0.0.16",
        "commit": "ed4d908c581071d1302b37c6ba77dbce55333dd3"
      },
      "bootstrap-3": {
        "git": "https://github.com/mangasocial/meteor-bootstrap-3.git",
        "tag": "v3.1.1-1",
        "commit": "63dd38968828bb8963636df93e9a1c45e2dfe67e"
      },
      "jquery-datatables": {
        "git": "https://github.com/lumapictures/meteor-jquery-datatables",
        "tag": "v1.0.3",
        "commit": "37d0995035f6e2915bab29556a69543ae93c54bc"
      },
      "blaze-layout": {
        "git": "https://github.com/EventedMind/blaze-layout.git",
        "tag": "v0.2.4",
        "commit": "b40e9b0612329288d75cf52ad14a7da64bb8618f"
      },
      "simple-schema": {
        "git": "https://github.com/aldeed/meteor-simple-schema.git",
        "tag": "v0.5.1",
        "commit": "a29956b34d03a4591dbd0eaed9d37009ef48b8db"
      },
      "luma-component": {
        "git": "https://github.com/LumaPictures/meteor-luma-component",
        "tag": "v1.0.5",
        "commit": "9d567068048e9ca82699b096e78c3f7ec76c0fa4"
      }
    }
  }
}
